
Microsoft Visual Studio Solution File, Format Version 12.00
# Visual Studio Version 16
VisualStudioVersion = 16.0.32901.82
MinimumVisualStudioVersion = 10.0.40219.1
Project("{FAE04EC0-301F-11D3-BF4B-00C04F79EFBC}") = "ClothBazar.Web", "ClothBazar.Web\ClothBazar.Web.csproj", "{B05CD20E-C48D-4B13-9519-868272B6856F}"
EndProject
Project("{FAE04EC0-301F-11D3-BF4B-00C04F79EFBC}") = "ClothBazar.Entities", "ClothBazar.Entities\ClothBazar.Entities.csproj", "{B26D5829-53AE-475D-AD24-90BB03334EBD}"
EndProject
Global
	GlobalSection(SolutionConfigurationPlatforms) = preSolution
		Debug|Any CPU = Debug|Any CPU
		Release|Any CPU = Release|Any CPU
	EndGlobalSection
	GlobalSection(ProjectConfigurationPlatforms) = postSolution
		{B05CD20E-C48D-4B13-9519-868272B6856F}.Debug|Any CPU.ActiveCfg = Debug|Any CPU
		{B05CD20E-C48D-4B13-9519-868272B6856F}.Debug|Any CPU.Build.0 = Debug|Any CPU
		{B05CD20E-C48D-4B13-9519-868272B6856F}.Release|Any CPU.ActiveCfg = Release|Any CPU
		{B05CD20E-C48D-4B13-9519-868272B6856F}.Release|Any CPU.Build.0 = Release|Any CPU
		{B26D5829-53AE-475D-AD24-90BB03334EBD}.Debug|Any CPU.ActiveCfg = Debug|Any CPU
		{B26D5829-53AE-475D-AD24-90BB03334EBD}.Debug|Any CPU.Build.0 = Debug|Any CPU
		{B26D5829-53AE-475D-AD24-90BB03334EBD}.Release|Any CPU.ActiveCfg = Release|Any CPU
		{B26D5829-53AE-475D-AD24-90BB03334EBD}.Release|Any CPU.Build.0 = Release|Any CPU
	EndGlobalSection
	GlobalSection(SolutionProperties) = preSolution
		HideSolutionNode = FALSE
	EndGlobalSection
	GlobalSection(ExtensibilityGlobals) = postSolution
		SolutionGuid = {4B8B13A8-F5E2-44A3-B5F5-D64BE0400E97}
	EndGlobalSection
EndGlobal
